
Microsoft Visual Studio Solution File, Format Version 12.00
# Visual Studio Version 17
VisualStudioVersion = 17.2.32616.157
MinimumVisualStudioVersion = 10.0.40219.1
Project("{2150E333-8FDC-42A3-9474-1A3956D46DE8}") = "2.cicd", "2.cicd", "{01A6F5CC-3325-4B59-BE21-27486FF8816D}"
	ProjectSection(SolutionItems) = preProject
		.github\dependabot.yml = .github\dependabot.yml
		.github\workflows\publish-to-github-packages.yml = .github\workflows\publish-to-github-packages.yml
		.github\workflows\publish-to-nuget-org.yml = .github\workflows\publish-to-nuget-org.yml
		.github\workflows\sonarcloud.yml = .github\workflows\sonarcloud.yml
		.github\workflows\test-project.yml = .github\workflows\test-project.yml
	EndProjectSection
EndProject
Project("{2150E333-8FDC-42A3-9474-1A3956D46DE8}") = "1.project", "1.project", "{0439ABEE-B2CC-4ABC-8348-343635F778D2}"
	ProjectSection(SolutionItems) = preProject
		CHANGELOG.md = CHANGELOG.md
		nuget.org.md = nuget.org.md
		README.md = README.md
	EndProjectSection
EndProject
Project("{2150E333-8FDC-42A3-9474-1A3956D46DE8}") = "3.src", "3.src", "{55E5F216-B861-4D35-BB1E-F556D74B7CFB}"
EndProject
Project("{2150E333-8FDC-42A3-9474-1A3956D46DE8}") = "5.tests", "5.tests", "{9F501F74-3A4F-4518-9E6D-8C6331CA71F7}"
EndProject
Project("{9A19103F-16F7-4668-BE54-9A1E7A4F7556}") = "TestNuget.PleaseDontUse", "src\TestNuget.PleaseDontUse.csproj", "{F404A345-4386-4A9F-B965-9ECE31B0F2A1}"
EndProject
Project("{9A19103F-16F7-4668-BE54-9A1E7A4F7556}") = "TestNuget.PleaseDontUse.Tests", "tests\TestNuget.PleaseDontUse.Tests\TestNuget.PleaseDontUse.Tests.csproj", "{1656AE36-FA0F-4D4C-A065-048FD5E469E8}"
EndProject
Project("{2150E333-8FDC-42A3-9474-1A3956D46DE8}") = "4.samples", "4.samples", "{46A2B6C6-7EF0-45DE-AC0E-3F5207432343}"
EndProject
Project("{9A19103F-16F7-4668-BE54-9A1E7A4F7556}") = "TestNuget.PleaseDontUse.Samples", "samples\TestNuget.PleaseDontUse.Samples.csproj", "{D338DC03-CD80-4FC7-9650-E488113B8268}"
EndProject
Project("{2150E333-8FDC-42A3-9474-1A3956D46DE8}") = "GitHub", "GitHub", "{A8F17538-F27C-4F99-9539-CD6659A106C8}"
	ProjectSection(SolutionItems) = preProject
		.github\ISSUE_TEMPLATE\bug-report.yml = .github\ISSUE_TEMPLATE\bug-report.yml
		.github\ISSUE_TEMPLATE\config.yml = .github\ISSUE_TEMPLATE\config.yml
		.github\ISSUE_TEMPLATE\documentation.yml = .github\ISSUE_TEMPLATE\documentation.yml
		.github\ISSUE_TEMPLATE\feature-request.yml = .github\ISSUE_TEMPLATE\feature-request.yml
		.github\PULL_REQUEST_TEMPLATE.md = .github\PULL_REQUEST_TEMPLATE.md
		.github\ISSUE_TEMPLATE\support.yml = .github\ISSUE_TEMPLATE\support.yml
	EndProjectSection
EndProject
Project("{2150E333-8FDC-42A3-9474-1A3956D46DE8}") = "Community", "Community", "{B867191C-802C-4270-8031-7E967EE815F6}"
	ProjectSection(SolutionItems) = preProject
		CHANGELOG.md = CHANGELOG.md
		CODE_OF_CONDUCT.md = CODE_OF_CONDUCT.md
		CONTRIBUTING.md = CONTRIBUTING.md
		LICENSE = LICENSE
	EndProjectSection
EndProject
Project("{2150E333-8FDC-42A3-9474-1A3956D46DE8}") = "Configurations", "Configurations", "{248BB7DC-C940-4055-878A-2A482E247D41}"
	ProjectSection(SolutionItems) = preProject
		.editorconfig = .editorconfig
		.gitignore = .gitignore
		global.json = global.json
		package-lock.json = package-lock.json
		package.json = package.json
	EndProjectSection
EndProject
Global
	GlobalSection(SolutionConfigurationPlatforms) = preSolution
		Debug|Any CPU = Debug|Any CPU
		Release|Any CPU = Release|Any CPU
	EndGlobalSection
	GlobalSection(ProjectConfigurationPlatforms) = postSolution
		{F404A345-4386-4A9F-B965-9ECE31B0F2A1}.Debug|Any CPU.ActiveCfg = Debug|Any CPU
		{F404A345-4386-4A9F-B965-9ECE31B0F2A1}.Debug|Any CPU.Build.0 = Debug|Any CPU
		{F404A345-4386-4A9F-B965-9ECE31B0F2A1}.Release|Any CPU.ActiveCfg = Release|Any CPU
		{F404A345-4386-4A9F-B965-9ECE31B0F2A1}.Release|Any CPU.Build.0 = Release|Any CPU
		{1656AE36-FA0F-4D4C-A065-048FD5E469E8}.Debug|Any CPU.ActiveCfg = Debug|Any CPU
		{1656AE36-FA0F-4D4C-A065-048FD5E469E8}.Debug|Any CPU.Build.0 = Debug|Any CPU
		{1656AE36-FA0F-4D4C-A065-048FD5E469E8}.Release|Any CPU.ActiveCfg = Release|Any CPU
		{1656AE36-FA0F-4D4C-A065-048FD5E469E8}.Release|Any CPU.Build.0 = Release|Any CPU
		{D338DC03-CD80-4FC7-9650-E488113B8268}.Debug|Any CPU.ActiveCfg = Debug|Any CPU
		{D338DC03-CD80-4FC7-9650-E488113B8268}.Debug|Any CPU.Build.0 = Debug|Any CPU
		{D338DC03-CD80-4FC7-9650-E488113B8268}.Release|Any CPU.ActiveCfg = Release|Any CPU
		{D338DC03-CD80-4FC7-9650-E488113B8268}.Release|Any CPU.Build.0 = Release|Any CPU
	EndGlobalSection
	GlobalSection(SolutionProperties) = preSolution
		HideSolutionNode = FALSE
	EndGlobalSection
	GlobalSection(NestedProjects) = preSolution
		{F404A345-4386-4A9F-B965-9ECE31B0F2A1} = {55E5F216-B861-4D35-BB1E-F556D74B7CFB}
		{1656AE36-FA0F-4D4C-A065-048FD5E469E8} = {9F501F74-3A4F-4518-9E6D-8C6331CA71F7}
		{D338DC03-CD80-4FC7-9650-E488113B8268} = {46A2B6C6-7EF0-45DE-AC0E-3F5207432343}
		{A8F17538-F27C-4F99-9539-CD6659A106C8} = {0439ABEE-B2CC-4ABC-8348-343635F778D2}
		{B867191C-802C-4270-8031-7E967EE815F6} = {0439ABEE-B2CC-4ABC-8348-343635F778D2}
		{248BB7DC-C940-4055-878A-2A482E247D41} = {0439ABEE-B2CC-4ABC-8348-343635F778D2}
	EndGlobalSection
	GlobalSection(ExtensibilityGlobals) = postSolution
		SolutionGuid = {4FF4655A-7E62-4FAB-AEAF-E26BD4A72495}
	EndGlobalSection
EndGlobal
